
Microsoft Visual Studio Solution File, Format Version 12.00
# Visual Studio 2013
VisualStudioVersion = 12.0.30723.0
MinimumVisualStudioVersion = 10.0.40219.1
Project("{FAE04EC0-301F-11D3-BF4B-00C04F79EFBC}") = "Castlerock.Web.New", "Castlerock.Web.New\Castlerock.Web.New.csproj", "{D7080C20-154E-45F0-B173-0E5BEBB316A3}"
EndProject
Project("{FAE04EC0-301F-11D3-BF4B-00C04F79EFBC}") = "Castlerock.Membership", "Castlerock.Membership\Castlerock.Membership.csproj", "{D2ADDB61-ED2F-4D26-828F-90083788A4D1}"
EndProject
Project("{FAE04EC0-301F-11D3-BF4B-00C04F79EFBC}") = "Castlerock.FileManager", "Castlerock.FileManager\Castlerock.FileManager.csproj", "{D4442290-B9E9-4968-B8B8-ACA2FA16F4A7}"
EndProject
Project("{FAE04EC0-301F-11D3-BF4B-00C04F79EFBC}") = "Castlerock.Properties", "Castlerock.Properties\Castlerock.Properties.csproj", "{78A9ACCD-68C4-436B-868B-385486619063}"
EndProject
Global
	GlobalSection(SolutionConfigurationPlatforms) = preSolution
		Debug|Any CPU = Debug|Any CPU
		Release|Any CPU = Release|Any CPU
		Uat|Any CPU = Uat|Any CPU
	EndGlobalSection
	GlobalSection(ProjectConfigurationPlatforms) = postSolution
		{D7080C20-154E-45F0-B173-0E5BEBB316A3}.Debug|Any CPU.ActiveCfg = Debug|Any CPU
		{D7080C20-154E-45F0-B173-0E5BEBB316A3}.Debug|Any CPU.Build.0 = Debug|Any CPU
		{D7080C20-154E-45F0-B173-0E5BEBB316A3}.Release|Any CPU.ActiveCfg = Release|Any CPU
		{D7080C20-154E-45F0-B173-0E5BEBB316A3}.Release|Any CPU.Build.0 = Release|Any CPU
		{D7080C20-154E-45F0-B173-0E5BEBB316A3}.Uat|Any CPU.ActiveCfg = Release|Any CPU
		{D7080C20-154E-45F0-B173-0E5BEBB316A3}.Uat|Any CPU.Build.0 = Release|Any CPU
		{D2ADDB61-ED2F-4D26-828F-90083788A4D1}.Debug|Any CPU.ActiveCfg = Debug|Any CPU
		{D2ADDB61-ED2F-4D26-828F-90083788A4D1}.Debug|Any CPU.Build.0 = Debug|Any CPU
		{D2ADDB61-ED2F-4D26-828F-90083788A4D1}.Release|Any CPU.ActiveCfg = Release|Any CPU
		{D2ADDB61-ED2F-4D26-828F-90083788A4D1}.Release|Any CPU.Build.0 = Release|Any CPU
		{D2ADDB61-ED2F-4D26-828F-90083788A4D1}.Uat|Any CPU.ActiveCfg = Release|Any CPU
		{D2ADDB61-ED2F-4D26-828F-90083788A4D1}.Uat|Any CPU.Build.0 = Release|Any CPU
		{D4442290-B9E9-4968-B8B8-ACA2FA16F4A7}.Debug|Any CPU.ActiveCfg = Debug|Any CPU
		{D4442290-B9E9-4968-B8B8-ACA2FA16F4A7}.Debug|Any CPU.Build.0 = Debug|Any CPU
		{D4442290-B9E9-4968-B8B8-ACA2FA16F4A7}.Release|Any CPU.ActiveCfg = Release|Any CPU
		{D4442290-B9E9-4968-B8B8-ACA2FA16F4A7}.Release|Any CPU.Build.0 = Release|Any CPU
		{D4442290-B9E9-4968-B8B8-ACA2FA16F4A7}.Uat|Any CPU.ActiveCfg = Release|Any CPU
		{D4442290-B9E9-4968-B8B8-ACA2FA16F4A7}.Uat|Any CPU.Build.0 = Release|Any CPU
		{78A9ACCD-68C4-436B-868B-385486619063}.Debug|Any CPU.ActiveCfg = Debug|Any CPU
		{78A9ACCD-68C4-436B-868B-385486619063}.Debug|Any CPU.Build.0 = Debug|Any CPU
		{78A9ACCD-68C4-436B-868B-385486619063}.Release|Any CPU.ActiveCfg = Release|Any CPU
		{78A9ACCD-68C4-436B-868B-385486619063}.Release|Any CPU.Build.0 = Release|Any CPU
		{78A9ACCD-68C4-436B-868B-385486619063}.Uat|Any CPU.ActiveCfg = Uat|Any CPU
		{78A9ACCD-68C4-436B-868B-385486619063}.Uat|Any CPU.Build.0 = Uat|Any CPU
	EndGlobalSection
	GlobalSection(SolutionProperties) = preSolution
		HideSolutionNode = FALSE
	EndGlobalSection
EndGlobal
