
Microsoft Visual Studio Solution File, Format Version 11.00
# Visual Studio 2010
Project("{CC5FD16D-436D-48AD-A40C-5A424C6E3E79}") = "Azure", "Azure\Azure.ccproj", "{5771F132-C11E-44D9-93E3-8E498AF75CDB}"
EndProject
Project("{FAE04EC0-301F-11D3-BF4B-00C04F79EFBC}") = "Castlerock.Portal", "Castlerock.Portal\Castlerock.Portal.csproj", "{00FEA7B2-699D-4F77-AFA5-16A9BFDA40DB}"
EndProject
Global
	GlobalSection(SolutionConfigurationPlatforms) = preSolution
		Debug|Any CPU = Debug|Any CPU
		Release|Any CPU = Release|Any CPU
	EndGlobalSection
	GlobalSection(ProjectConfigurationPlatforms) = postSolution
		{5771F132-C11E-44D9-93E3-8E498AF75CDB}.Debug|Any CPU.ActiveCfg = Debug|Any CPU
		{5771F132-C11E-44D9-93E3-8E498AF75CDB}.Debug|Any CPU.Build.0 = Debug|Any CPU
		{5771F132-C11E-44D9-93E3-8E498AF75CDB}.Release|Any CPU.ActiveCfg = Release|Any CPU
		{5771F132-C11E-44D9-93E3-8E498AF75CDB}.Release|Any CPU.Build.0 = Release|Any CPU
		{00FEA7B2-699D-4F77-AFA5-16A9BFDA40DB}.Debug|Any CPU.ActiveCfg = Debug|Any CPU
		{00FEA7B2-699D-4F77-AFA5-16A9BFDA40DB}.Debug|Any CPU.Build.0 = Debug|Any CPU
		{00FEA7B2-699D-4F77-AFA5-16A9BFDA40DB}.Release|Any CPU.ActiveCfg = Release|Any CPU
		{00FEA7B2-699D-4F77-AFA5-16A9BFDA40DB}.Release|Any CPU.Build.0 = Release|Any CPU
	EndGlobalSection
	GlobalSection(SolutionProperties) = preSolution
		HideSolutionNode = FALSE
	EndGlobalSection
EndGlobal
